
Microsoft Visual Studio Solution File, Format Version 12.00
# Visual Studio Version 17
VisualStudioVersion = 17.14.37111.16 d17.14
MinimumVisualStudioVersion = 10.0.40219.1
Project("{FAE04EC0-301F-11D3-BF4B-00C04F79EFBC}") = "AchievementOffice", "AchievementOffice\AchievementOffice.csproj", "{128CE94A-3B9C-4400-909A-9416C3944580}"
EndProject
Global
	GlobalSection(SolutionConfigurationPlatforms) = preSolution
		Debug|Any CPU = Debug|Any CPU
		Release|Any CPU = Release|Any CPU
	EndGlobalSection
	GlobalSection(ProjectConfigurationPlatforms) = postSolution
		{128CE94A-3B9C-4400-909A-9416C3944580}.Debug|Any CPU.ActiveCfg = Debug|Any CPU
		{128CE94A-3B9C-4400-909A-9416C3944580}.Debug|Any CPU.Build.0 = Debug|Any CPU
		{128CE94A-3B9C-4400-909A-9416C3944580}.Release|Any CPU.ActiveCfg = Release|Any CPU
		{128CE94A-3B9C-4400-909A-9416C3944580}.Release|Any CPU.Build.0 = Release|Any CPU
	EndGlobalSection
	GlobalSection(SolutionProperties) = preSolution
		HideSolutionNode = FALSE
	EndGlobalSection
	GlobalSection(ExtensibilityGlobals) = postSolution
		SolutionGuid = {420B2199-30D3-42E7-A373-ABC6270BACDA}
	EndGlobalSection
EndGlobal
