
Microsoft Visual Studio Solution File, Format Version 12.00
# Visual Studio Version 17
VisualStudioVersion = 17.14.37111.16 d17.14
MinimumVisualStudioVersion = 10.0.40219.1
Project("{FAE04EC0-301F-11D3-BF4B-00C04F79EFBC}") = "AchievementOffice", "AchievementOffice\AchievementOffice.csproj", "{CB8C2748-81B9-4F58-91D5-1EEA16E8FBF4}"
EndProject
Global
	GlobalSection(SolutionConfigurationPlatforms) = preSolution
		Debug|Any CPU = Debug|Any CPU
		Release|Any CPU = Release|Any CPU
	EndGlobalSection
	GlobalSection(ProjectConfigurationPlatforms) = postSolution
		{CB8C2748-81B9-4F58-91D5-1EEA16E8FBF4}.Debug|Any CPU.ActiveCfg = Debug|Any CPU
		{CB8C2748-81B9-4F58-91D5-1EEA16E8FBF4}.Debug|Any CPU.Build.0 = Debug|Any CPU
		{CB8C2748-81B9-4F58-91D5-1EEA16E8FBF4}.Release|Any CPU.ActiveCfg = Release|Any CPU
		{CB8C2748-81B9-4F58-91D5-1EEA16E8FBF4}.Release|Any CPU.Build.0 = Release|Any CPU
	EndGlobalSection
	GlobalSection(SolutionProperties) = preSolution
		HideSolutionNode = FALSE
	EndGlobalSection
	GlobalSection(ExtensibilityGlobals) = postSolution
		SolutionGuid = {2A1A7C43-7146-44D9-9E85-83DCF4E029BD}
	EndGlobalSection
EndGlobal
